
Microsoft Visual Studio Solution File, Format Version 12.00
# Visual Studio 2013
VisualStudioVersion = 12.0.40629.0
MinimumVisualStudioVersion = 10.0.40219.1
Project("{FAE04EC0-301F-11D3-BF4B-00C04F79EFBC}") = "DronningeProblemet", "DronningeProblemet\DronningeProblemet.csproj", "{ED9D4B09-08E9-4F2C-B848-6C798DA9BB84}"
EndProject
Project("{FAE04EC0-301F-11D3-BF4B-00C04F79EFBC}") = "DronningeProblemetWPF", "DronningeProblemetWPF\DronningeProblemetWPF.csproj", "{B23AA1A8-3CDC-4164-88E6-DE57C4E68C60}"
EndProject
Global
	GlobalSection(TeamFoundationVersionControl) = preSolution
		SccNumberOfProjects = 3
		SccEnterpriseProvider = {4CA58AB2-18FA-4F8D-95D4-32DDF27D184C}
		SccTeamFoundationServer = https://chrlol.visualstudio.com/defaultcollection
		SccLocalPath0 = .
		SccProjectUniqueName1 = DronningeProblemet\\DronningeProblemet.csproj
		SccProjectName1 = DronningeProblemet
		SccLocalPath1 = DronningeProblemet
		SccProjectUniqueName2 = DronningeProblemetWPF\\DronningeProblemetWPF.csproj
		SccProjectName2 = DronningeProblemetWPF
		SccLocalPath2 = DronningeProblemetWPF
	EndGlobalSection
	GlobalSection(SolutionConfigurationPlatforms) = preSolution
		Debug|Any CPU = Debug|Any CPU
		Release|Any CPU = Release|Any CPU
	EndGlobalSection
	GlobalSection(ProjectConfigurationPlatforms) = postSolution
		{ED9D4B09-08E9-4F2C-B848-6C798DA9BB84}.Debug|Any CPU.ActiveCfg = Debug|Any CPU
		{ED9D4B09-08E9-4F2C-B848-6C798DA9BB84}.Debug|Any CPU.Build.0 = Debug|Any CPU
		{ED9D4B09-08E9-4F2C-B848-6C798DA9BB84}.Release|Any CPU.ActiveCfg = Release|Any CPU
		{ED9D4B09-08E9-4F2C-B848-6C798DA9BB84}.Release|Any CPU.Build.0 = Release|Any CPU
		{B23AA1A8-3CDC-4164-88E6-DE57C4E68C60}.Debug|Any CPU.ActiveCfg = Debug|Any CPU
		{B23AA1A8-3CDC-4164-88E6-DE57C4E68C60}.Debug|Any CPU.Build.0 = Debug|Any CPU
		{B23AA1A8-3CDC-4164-88E6-DE57C4E68C60}.Release|Any CPU.ActiveCfg = Release|Any CPU
		{B23AA1A8-3CDC-4164-88E6-DE57C4E68C60}.Release|Any CPU.Build.0 = Release|Any CPU
	EndGlobalSection
	GlobalSection(SolutionProperties) = preSolution
		HideSolutionNode = FALSE
	EndGlobalSection
EndGlobal
